
Microsoft Visual Studio Solution File, Format Version 12.00
# Visual Studio Version 17
VisualStudioVersion = 17.3.32825.248
MinimumVisualStudioVersion = 10.0.40219.1
Project("{FAE04EC0-301F-11D3-BF4B-00C04F79EFBC}") = "HomeWork_7_2", "HomeWork_7_2\HomeWork_7_2.csproj", "{8F3EB6D4-6082-4BDC-A3C8-CAEAB36C7D58}"
EndProject
Global
	GlobalSection(SolutionConfigurationPlatforms) = preSolution
		Debug|Any CPU = Debug|Any CPU
		Release|Any CPU = Release|Any CPU
	EndGlobalSection
	GlobalSection(ProjectConfigurationPlatforms) = postSolution
		{8F3EB6D4-6082-4BDC-A3C8-CAEAB36C7D58}.Debug|Any CPU.ActiveCfg = Debug|Any CPU
		{8F3EB6D4-6082-4BDC-A3C8-CAEAB36C7D58}.Debug|Any CPU.Build.0 = Debug|Any CPU
		{8F3EB6D4-6082-4BDC-A3C8-CAEAB36C7D58}.Release|Any CPU.ActiveCfg = Release|Any CPU
		{8F3EB6D4-6082-4BDC-A3C8-CAEAB36C7D58}.Release|Any CPU.Build.0 = Release|Any CPU
	EndGlobalSection
	GlobalSection(SolutionProperties) = preSolution
		HideSolutionNode = FALSE
	EndGlobalSection
	GlobalSection(ExtensibilityGlobals) = postSolution
		SolutionGuid = {A5A411B9-A762-4C49-8C81-3BC7EE228C2C}
	EndGlobalSection
EndGlobal
